// !$*UTF8*$!
{
	archiveVersion = 1;
	classes = {
	};
	objectVersion = 46;
	objects = {

/* Begin PBXBuildFile section */
		7EC66C011D2C69F600505FC6 /* AppDelegate.swift in Sources */ = {isa = PBXBuildFile; fileRef = 7EC66C001D2C69F600505FC6 /* AppDelegate.swift */; };
		7EC66C031D2C69F600505FC6 /* ViewController.swift in Sources */ = {isa = PBXBuildFile; fileRef = 7EC66C021D2C69F600505FC6 /* ViewController.swift */; };
		7EC66C061D2C69F600505FC6 /* Main.storyboard in Resources */ = {isa = PBXBuildFile; fileRef = 7EC66C041D2C69F600505FC6 /* Main.storyboard */; };
		7EC66C081D2C69F600505FC6 /* Assets.xcassets in Resources */ = {isa = PBXBuildFile; fileRef = 7EC66C071D2C69F600505FC6 /* Assets.xcassets */; };
		7EC66C0B1D2C69F600505FC6 /* LaunchScreen.storyboard in Resources */ = {isa = PBXBuildFile; fileRef = 7EC66C091D2C69F600505FC6 /* LaunchScreen.storyboard */; };
		7EC66C161D2C69F600505FC6 /* TemplateTests.swift in Sources */ = {isa = PBXBuildFile; fileRef = 7EC66C151D2C69F600505FC6 /* TemplateTests.swift */; };
		7EC66C211D2C69F600505FC6 /* TemplateUITests.swift in Sources */ = {isa = PBXBuildFile; fileRef = 7EC66C201D2C69F600505FC6 /* TemplateUITests.swift */; };
/* End PBXBuildFile section */

/* Begin PBXContainerItemProxy section */
		7EC66C121D2C69F600505FC6 /* PBXContainerItemProxy */ = {
			isa = PBXContainerItemProxy;
			containerPortal = 7EC66BF51D2C69F600505FC6 /* Project object */;
			proxyType = 1;
			remoteGlobalIDString = 7EC66BFC1D2C69F600505FC6;
			remoteInfo = Template;
		};
		7EC66C1D1D2C69F600505FC6 /* PBXContainerItemProxy */ = {
			isa = PBXContainerItemProxy;
			containerPortal = 7EC66BF51D2C69F600505FC6 /* Project object */;
			proxyType = 1;
			remoteGlobalIDString = 7EC66BFC1D2C69F600505FC6;
			remoteInfo = Template;
		};
/* End PBXContainerItemProxy section */

/* Begin PBXFileReference section */
		7EC66BFD1D2C69F600505FC6 /* Template.app */ = {isa = PBXFileReference; explicitFileType = wrapper.application; includeInIndex = 0; path = Template.app; sourceTree = BUILT_PRODUCTS_DIR; };
		7EC66C001D2C69F600505FC6 /* AppDelegate.swift */ = {isa = PBXFileReference; lastKnownFileType = sourcecode.swift; path = AppDelegate.swift; sourceTree = "<group>"; };
		7EC66C021D2C69F600505FC6 /* ViewController.swift */ = {isa = PBXFileReference; lastKnownFileType = sourcecode.swift; path = ViewController.swift; sourceTree = "<group>"; };
		7EC66C051D2C69F600505FC6 /* Base */ = {isa = PBXFileReference; lastKnownFileType = file.storyboard; name = Base; path = Base.lproj/Main.storyboard; sourceTree = "<group>"; };
		7EC66C071D2C69F600505FC6 /* Assets.xcassets */ = {isa = PBXFileReference; lastKnownFileType = folder.assetcatalog; path = Assets.xcassets; sourceTree = "<group>"; };
		7EC66C0A1D2C69F600505FC6 /* Base */ = {isa = PBXFileReference; lastKnownFileType = file.storyboard; name = Base; path = Base.lproj/LaunchScreen.storyboard; sourceTree = "<group>"; };
		7EC66C0C1D2C69F600505FC6 /* Info.plist */ = {isa = PBXFileReference; lastKnownFileType = text.plist.xml; path = Info.plist; sourceTree = "<group>"; };
		7EC66C111D2C69F600505FC6 /* TemplateTests.xctest */ = {isa = PBXFileReference; explicitFileType = wrapper.cfbundle; includeInIndex = 0; path = TemplateTests.xctest; sourceTree = BUILT_PRODUCTS_DIR; };
		7EC66C151D2C69F600505FC6 /* TemplateTests.swift */ = {isa = PBXFileReference; lastKnownFileType = sourcecode.swift; path = TemplateTests.swift; sourceTree = "<group>"; };
		7EC66C171D2C69F600505FC6 /* Info.plist */ = {isa = PBXFileReference; lastKnownFileType = text.plist.xml; path = Info.plist; sourceTree = "<group>"; };
		7EC66C1C1D2C69F600505FC6 /* TemplateUITests.xctest */ = {isa = PBXFileReference; explicitFileType = wrapper.cfbundle; includeInIndex = 0; path = TemplateUITests.xctest; sourceTree = BUILT_PRODUCTS_DIR; };
		7EC66C201D2C69F600505FC6 /* TemplateUITests.swift */ = {isa = PBXFileReference; lastKnownFileType = sourcecode.swift; path = TemplateUITests.swift; sourceTree = "<group>"; };
		7EC66C221D2C69F600505FC6 /* Info.plist */ = {isa = PBXFileReference; lastKnownFileType = text.plist.xml; path = Info.plist; sourceTree = "<group>"; };
/* End PBXFileReference section */

/* Begin PBXFrameworksBuildPhase section */
		7EC66BFA1D2C69F600505FC6 /* Frameworks */ = {
			isa = PBXFrameworksBuildPhase;
			buildActionMask = 2147483647;
			files = (
			);
			runOnlyForDeploymentPostprocessing = 0;
		};
		7EC66C0E1D2C69F600505FC6 /* Frameworks */ = {
			isa = PBXFrameworksBuildPhase;
			buildActionMask = 2147483647;
			files = (
			);
			runOnlyForDeploymentPostprocessing = 0;
		};
		7EC66C191D2C69F600505FC6 /* Frameworks */ = {
			isa = PBXFrameworksBuildPhase;
			buildActionMask = 2147483647;
			files = (
			);
			runOnlyForDeploymentPostprocessing = 0;
		};
/* End PBXFrameworksBuildPhase section */

/* Begin PBXGroup section */
		7EC66BF41D2C69F600505FC6 = {
			isa = PBXGroup;
			children = (
				7EC66BFF1D2C69F600505FC6 /* Template */,
				7EC66C141D2C69F600505FC6 /* TemplateTests */,
				7EC66C1F1D2C69F600505FC6 /* TemplateUITests */,
				7EC66BFE1D2C69F600505FC6 /* Products */,
			);
			sourceTree = "<group>";
		};
		7EC66BFE1D2C69F600505FC6 /* Products */ = {
			isa = PBXGroup;
			children = (
				7EC66BFD1D2C69F600505FC6 /* Template.app */,
				7EC66C111D2C69F600505FC6 /* TemplateTests.xctest */,
				7EC66C1C1D2C69F600505FC6 /* TemplateUITests.xctest */,
			);
			name = Products;
			sourceTree = "<group>";
		};
		7EC66BFF1D2C69F600505FC6 /* Template */ = {
			isa = PBXGroup;
			children = (
				7EC66C001D2C69F600505FC6 /* AppDelegate.swift */,
				7EC66C021D2C69F600505FC6 /* ViewController.swift */,
				7EC66C041D2C69F600505FC6 /* Main.storyboard */,
				7EC66C071D2C69F600505FC6 /* Assets.xcassets */,
				7EC66C091D2C69F600505FC6 /* LaunchScreen.storyboard */,
				7EC66C0C1D2C69F600505FC6 /* Info.plist */,
			);
			path = Template;
			sourceTree = "<group>";
		};
		7EC66C141D2C69F600505FC6 /* TemplateTests */ = {
			isa = PBXGroup;
			children = (
				7EC66C151D2C69F600505FC6 /* TemplateTests.swift */,
				7EC66C171D2C69F600505FC6 /* Info.plist */,
			);
			path = TemplateTests;
			sourceTree = "<group>";
		};
		7EC66C1F1D2C69F600505FC6 /* TemplateUITests */ = {
			isa = PBXGroup;
			children = (
				7EC66C201D2C69F600505FC6 /* TemplateUITests.swift */,
				7EC66C221D2C69F600505FC6 /* Info.plist */,
			);
			path = TemplateUITests;
			sourceTree = "<group>";
		};
/* End PBXGroup section */

/* Begin PBXNativeTarget section */
		7EC66BFC1D2C69F600505FC6 /* Template */ = {
			isa = PBXNativeTarget;
			buildConfigurationList = 7EC66C251D2C69F600505FC6 /* Build configuration list for PBXNativeTarget "Template" */;
			buildPhases = (
				7EC66BF91D2C69F600505FC6 /* Sources */,
				7EC66BFA1D2C69F600505FC6 /* Frameworks */,
				7EC66BFB1D2C69F600505FC6 /* Resources */,
			);
			buildRules = (
			);
			dependencies = (
			);
			name = Template;
			productName = Template;
			productReference = 7EC66BFD1D2C69F600505FC6 /* Template.app */;
			productType = "com.apple.product-type.application";
		};
		7EC66C101D2C69F600505FC6 /* TemplateTests */ = {
			isa = PBXNativeTarget;
			buildConfigurationList = 7EC66C281D2C69F600505FC6 /* Build configuration list for PBXNativeTarget "TemplateTests" */;
			buildPhases = (
				7EC66C0D1D2C69F600505FC6 /* Sources */,
				7EC66C0E1D2C69F600505FC6 /* Frameworks */,
				7EC66C0F1D2C69F600505FC6 /* Resources */,
			);
			buildRules = (
			);
			dependencies = (
				7EC66C131D2C69F600505FC6 /* PBXTargetDependency */,
			);
			name = TemplateTests;
			productName = TemplateTests;
			productReference = 7EC66C111D2C69F600505FC6 /* TemplateTests.xctest */;
			productType = "com.apple.product-type.bundle.unit-test";
		};
		7EC66C1B1D2C69F600505FC6 /* TemplateUITests */ = {
			isa = PBXNativeTarget;
			buildConfigurationList = 7EC66C2B1D2C69F600505FC6 /* Build configuration list for PBXNativeTarget "TemplateUITests" */;
			buildPhases = (
				7EC66C181D2C69F600505FC6 /* Sources */,
				7EC66C191D2C69F600505FC6 /* Frameworks */,
				7EC66C1A1D2C69F600505FC6 /* Resources */,
			);
			buildRules = (
			);
			dependencies = (
				7EC66C1E1D2C69F600505FC6 /* PBXTargetDependency */,
			);
			name = TemplateUITests;
			productName = TemplateUITests;
			productReference = 7EC66C1C1D2C69F600505FC6 /* TemplateUITests.xctest */;
			productType = "com.apple.product-type.bundle.ui-testing";
		};
/* End PBXNativeTarget section */

/* Begin PBXProject section */
		7EC66BF51D2C69F600505FC6 /* Project object */ = {
			isa = PBXProject;
			attributes = {
				LastSwiftUpdateCheck = 0730;
				LastUpgradeCheck = 0730;
				ORGANIZATIONNAME = "Jeffrey Meng";
				TargetAttributes = {
					7EC66BFC1D2C69F600505FC6 = {
						CreatedOnToolsVersion = 7.3.1;
					};
					7EC66C101D2C69F600505FC6 = {
						CreatedOnToolsVersion = 7.3.1;
						TestTargetID = 7EC66BFC1D2C69F600505FC6;
					};
					7EC66C1B1D2C69F600505FC6 = {
						CreatedOnToolsVersion = 7.3.1;
						TestTargetID = 7EC66BFC1D2C69F600505FC6;
					};
				};
			};
			buildConfigurationList = 7EC66BF81D2C69F600505FC6 /* Build configuration list for PBXProject "Template" */;
			compatibilityVersion = "Xcode 3.2";
			developmentRegion = English;
			hasScannedForEncodings = 0;
			knownRegions = (
				en,
				Base,
			);
			mainGroup = 7EC66BF41D2C69F600505FC6;
			productRefGroup = 7EC66BFE1D2C69F600505FC6 /* Products */;
			projectDirPath = "";
			projectRoot = "";
			targets = (
				7EC66BFC1D2C69F600505FC6 /* Template */,
				7EC66C101D2C69F600505FC6 /* TemplateTests */,
				7EC66C1B1D2C69F600505FC6 /* TemplateUITests */,
			);
		};
/* End PBXProject section */

/* Begin PBXResourcesBuildPhase section */
		7EC66BFB1D2C69F600505FC6 /* Resources */ = {
			isa = PBXResourcesBuildPhase;
			buildActionMask = 2147483647;
			files = (
				7EC66C0B1D2C69F600505FC6 /* LaunchScreen.storyboard in Resources */,
				7EC66C081D2C69F600505FC6 /* Assets.xcassets in Resources */,
				7EC66C061D2C69F600505FC6 /* Main.storyboard in Resources */,
			);
			runOnlyForDeploymentPostprocessing = 0;
		};
		7EC66C0F1D2C69F600505FC6 /* Resources */ = {
			isa = PBXResourcesBuildPhase;
			buildActionMask = 2147483647;
			files = (
			);
			runOnlyForDeploymentPostprocessing = 0;
		};
		7EC66C1A1D2C69F600505FC6 /* Resources */ = {
			isa = PBXResourcesBuildPhase;
			buildActionMask = 2147483647;
			files = (
			);
			runOnlyForDeploymentPostprocessing = 0;
		};
/* End PBXResourcesBuildPhase section */

/* Begin PBXSourcesBuildPhase section */
		7EC66BF91D2C69F600505FC6 /* Sources */ = {
			isa = PBXSourcesBuildPhase;
			buildActionMask = 2147483647;
			files = (
				7EC66C031D2C69F600505FC6 /* ViewController.swift in Sources */,
				7EC66C011D2C69F600505FC6 /* AppDelegate.swift in Sources */,
			);
			runOnlyForDeploymentPostprocessing = 0;
		};
		7EC66C0D1D2C69F600505FC6 /* Sources */ = {
			isa = PBXSourcesBuildPhase;
			buildActionMask = 2147483647;
			files = (
				7EC66C161D2C69F600505FC6 /* TemplateTests.swift in Sources */,
			);
			runOnlyForDeploymentPostprocessing = 0;
		};
		7EC66C181D2C69F600505FC6 /* Sources */ = {
			isa = PBXSourcesBuildPhase;
			buildActionMask = 2147483647;
			files = (
				7EC66C211D2C69F600505FC6 /* TemplateUITests.swift in Sources */,
			);
			runOnlyForDeploymentPostprocessing = 0;
		};
/* End PBXSourcesBuildPhase section */

/* Begin PBXTargetDependency section */
		7EC66C131D2C69F600505FC6 /* PBXTargetDependency */ = {
			isa = PBXTargetDependency;
			target = 7EC66BFC1D2C69F600505FC6 /* Template */;
			targetProxy = 7EC66C121D2C69F600505FC6 /* PBXContainerItemProxy */;
		};
		7EC66C1E1D2C69F600505FC6 /* PBXTargetDependency */ = {
			isa = PBXTargetDependency;
			target = 7EC66BFC1D2C69F600505FC6 /* Template */;
			targetProxy = 7EC66C1D1D2C69F600505FC6 /* PBXContainerItemProxy */;
		};
/* End PBXTargetDependency section */

/* Begin PBXVariantGroup section */
		7EC66C041D2C69F600505FC6 /* Main.storyboard */ = {
			isa = PBXVariantGroup;
			children = (
				7EC66C051D2C69F600505FC6 /* Base */,
			);
			name = Main.storyboard;
			sourceTree = "<group>";
		};
		7EC66C091D2C69F600505FC6 /* LaunchScreen.storyboard */ = {
			isa = PBXVariantGroup;
			children = (
				7EC66C0A1D2C69F600505FC6 /* Base */,
			);
			name = LaunchScreen.storyboard;
			sourceTree = "<group>";
		};
/* End PBXVariantGroup section */

/* Begin XCBuildConfiguration section */
		7EC66C231D2C69F600505FC6 /* Debug */ = {
			isa = XCBuildConfiguration;
			buildSettings = {
				ALWAYS_SEARCH_USER_PATHS = NO;
				CLANG_ANALYZER_NONNULL = YES;
				CLANG_CXX_LANGUAGE_STANDARD = "gnu++0x";
				CLANG_CXX_LIBRARY = "libc++";
				CLANG_ENABLE_MODULES = YES;
				CLANG_ENABLE_OBJC_ARC = YES;
				CLANG_WARN_BOOL_CONVERSION = YES;
				CLANG_WARN_CONSTANT_CONVERSION = YES;
				CLANG_WARN_DIRECT_OBJC_ISA_USAGE = YES_ERROR;
				CLANG_WARN_EMPTY_BODY = YES;
				CLANG_WARN_ENUM_CONVERSION = YES;
				CLANG_WARN_INT_CONVERSION = YES;
				CLANG_WARN_OBJC_ROOT_CLASS = YES_ERROR;
				CLANG_WARN_UNREACHABLE_CODE = YES;
				CLANG_WARN__DUPLICATE_METHOD_MATCH = YES;
				"CODE_SIGN_IDENTITY[sdk=iphoneos*]" = "iPhone Developer";
				COPY_PHASE_STRIP = NO;
				DEBUG_INFORMATION_FORMAT = dwarf;
				ENABLE_STRICT_OBJC_MSGSEND = YES;
				ENABLE_TESTABILITY = YES;
				GCC_C_LANGUAGE_STANDARD = gnu99;
				GCC_DYNAMIC_NO_PIC = NO;
				GCC_NO_COMMON_BLOCKS = YES;
				GCC_OPTIMIZATION_LEVEL = 0;
				GCC_PREPROCESSOR_DEFINITIONS = (
					"DEBUG=1",
					"$(inherited)",
				);
				GCC_WARN_64_TO_32_BIT_CONVERSION = YES;
				GCC_WARN_ABOUT_RETURN_TYPE = YES_ERROR;
				GCC_WARN_UNDECLARED_SELECTOR = YES;
				GCC_WARN_UNINITIALIZED_AUTOS = YES_AGGRESSIVE;
				GCC_WARN_UNUSED_FUNCTION = YES;
				GCC_WARN_UNUSED_VARIABLE = YES;
				IPHONEOS_DEPLOYMENT_TARGET = 9.3;
				MTL_ENABLE_DEBUG_INFO = YES;
				ONLY_ACTIVE_ARCH = YES;
				SDKROOT = iphoneos;
				SWIFT_OPTIMIZATION_LEVEL = "-Onone";
			};
			name = Debug;
		};
		7EC66C241D2C69F600505FC6 /* Release */ = {
			isa = XCBuildConfiguration;
			buildSettings = {
				ALWAYS_SEARCH_USER_PATHS = NO;
				CLANG_ANALYZER_NONNULL = YES;
				CLANG_CXX_LANGUAGE_STANDARD = "gnu++0x";
				CLANG_CXX_LIBRARY = "libc++";
				CLANG_ENABLE_MODULES = YES;
				CLANG_ENABLE_OBJC_ARC = YES;
				CLANG_WARN_BOOL_CONVERSION = YES;
				CLANG_WARN_CONSTANT_CONVERSION = YES;
				CLANG_WARN_DIRECT_OBJC_ISA_USAGE = YES_ERROR;
				CLANG_WARN_EMPTY_BODY = YES;
				CLANG_WARN_ENUM_CONVERSION = YES;
				CLANG_WARN_INT_CONVERSION = YES;
				CLANG_WARN_OBJC_ROOT_CLASS = YES_ERROR;
				CLANG_WARN_UNREACHABLE_CODE = YES;
				CLANG_WARN__DUPLICATE_METHOD_MATCH = YES;
				"CODE_SIGN_IDENTITY[sdk=iphoneos*]" = "iPhone Developer";
				COPY_PHASE_STRIP = NO;
				DEBUG_INFORMATION_FORMAT = "dwarf-with-dsym";
				ENABLE_NS_ASSERTIONS = NO;
				ENABLE_STRICT_OBJC_MSGSEND = YES;
				GCC_C_LANGUAGE_STANDARD = gnu99;
				GCC_NO_COMMON_BLOCKS = YES;
				GCC_WARN_64_TO_32_BIT_CONVERSION = YES;
				GCC_WARN_ABOUT_RETURN_TYPE = YES_ERROR;
				GCC_WARN_UNDECLARED_SELECTOR = YES;
				GCC_WARN_UNINITIALIZED_AUTOS = YES_AGGRESSIVE;
				GCC_WARN_UNUSED_FUNCTION = YES;
				GCC_WARN_UNUSED_VARIABLE = YES;
				IPHONEOS_DEPLOYMENT_TARGET = 9.3;
				MTL_ENABLE_DEBUG_INFO = NO;
				SDKROOT = iphoneos;
				VALIDATE_PRODUCT = YES;
			};
			name = Release;
		};
		7EC66C261D2C69F600505FC6 /* Debug */ = {
			isa = XCBuildConfiguration;
			buildSettings = {
				ASSETCATALOG_COMPILER_APPICON_NAME = AppIcon;
				INFOPLIST_FILE = Template/Info.plist;
				LD_RUNPATH_SEARCH_PATHS = "$(inherited) @executable_path/Frameworks";
				PRODUCT_BUNDLE_IDENTIFIER = com.jeffkmeng.ios.Template;
				PRODUCT_NAME = "$(TARGET_NAME)";
			};
			name = Debug;
		};
		7EC66C271D2C69F600505FC6 /* Release */ = {
			isa = XCBuildConfiguration;
			buildSettings = {
				ASSETCATALOG_COMPILER_APPICON_NAME = AppIcon;
				INFOPLIST_FILE = Template/Info.plist;
				LD_RUNPATH_SEARCH_PATHS = "$(inherited) @executable_path/Frameworks";
				PRODUCT_BUNDLE_IDENTIFIER = com.jeffkmeng.ios.Template;
				PRODUCT_NAME = "$(TARGET_NAME)";
			};
			name = Release;
		};
		7EC66C291D2C69F600505FC6 /* Debug */ = {
			isa = XCBuildConfiguration;
			buildSettings = {
				BUNDLE_LOADER = "$(TEST_HOST)";
				INFOPLIST_FILE = TemplateTests/Info.plist;
				LD_RUNPATH_SEARCH_PATHS = "$(inherited) @executable_path/Frameworks @loader_path/Frameworks";
				PRODUCT_BUNDLE_IDENTIFIER = com.jeffkmeng.ios.TemplateTests;
				PRODUCT_NAME = "$(TARGET_NAME)";
				TEST_HOST = "$(BUILT_PRODUCTS_DIR)/Template.app/Template";
			};
			name = Debug;
		};
		7EC66C2A1D2C69F600505FC6 /* Release */ = {
			isa = XCBuildConfiguration;
			buildSettings = {
				BUNDLE_LOADER = "$(TEST_HOST)";
				INFOPLIST_FILE = TemplateTests/Info.plist;
				LD_RUNPATH_SEARCH_PATHS = "$(inherited) @executable_path/Frameworks @loader_path/Frameworks";
				PRODUCT_BUNDLE_IDENTIFIER = com.jeffkmeng.ios.TemplateTests;
				PRODUCT_NAME = "$(TARGET_NAME)";
				TEST_HOST = "$(BUILT_PRODUCTS_DIR)/Template.app/Template";
			};
			name = Release;
		};
		7EC66C2C1D2C69F600505FC6 /* Debug */ = {
			isa = XCBuildConfiguration;
			buildSettings = {
				INFOPLIST_FILE = TemplateUITests/Info.plist;
				LD_RUNPATH_SEARCH_PATHS = "$(inherited) @executable_path/Frameworks @loader_path/Frameworks";
				PRODUCT_BUNDLE_IDENTIFIER = com.jeffkmeng.ios.TemplateUITests;
				PRODUCT_NAME = "$(TARGET_NAME)";
				TEST_TARGET_NAME = Template;
			};
			name = Debug;
		};
		7EC66C2D1D2C69F600505FC6 /* Release */ = {
			isa = XCBuildConfiguration;
			buildSettings = {
				INFOPLIST_FILE = TemplateUITests/Info.plist;
				LD_RUNPATH_SEARCH_PATHS = "$(inherited) @executable_path/Frameworks @loader_path/Frameworks";
				PRODUCT_BUNDLE_IDENTIFIER = com.jeffkmeng.ios.TemplateUITests;
				PRODUCT_NAME = "$(TARGET_NAME)";
				TEST_TARGET_NAME = Template;
			};
			name = Release;
		};
/* End XCBuildConfiguration section */

/* Begin XCConfigurationList section */
		7EC66BF81D2C69F600505FC6 /* Build configuration list for PBXProject "Template" */ = {
			isa = XCConfigurationList;
			buildConfigurations = (
				7EC66C231D2C69F600505FC6 /* Debug */,
				7EC66C241D2C69F600505FC6 /* Release */,
			);
			defaultConfigurationIsVisible = 0;
			defaultConfigurationName = Release;
		};
		7EC66C251D2C69F600505FC6 /* Build configuration list for PBXNativeTarget "Template" */ = {
			isa = XCConfigurationList;
			buildConfigurations = (
				7EC66C261D2C69F600505FC6 /* Debug */,
				7EC66C271D2C69F600505FC6 /* Release */,
			);
			defaultConfigurationIsVisible = 0;
		};
		7EC66C281D2C69F600505FC6 /* Build configuration list for PBXNativeTarget "TemplateTests" */ = {
			isa = XCConfigurationList;
			buildConfigurations = (
				7EC66C291D2C69F600505FC6 /* Debug */,
				7EC66C2A1D2C69F600505FC6 /* Release */,
			);
			defaultConfigurationIsVisible = 0;
		};
		7EC66C2B1D2C69F600505FC6 /* Build configuration list for PBXNativeTarget "TemplateUITests" */ = {
			isa = XCConfigurationList;
			buildConfigurations = (
				7EC66C2C1D2C69F600505FC6 /* Debug */,
				7EC66C2D1D2C69F600505FC6 /* Release */,
			);
			defaultConfigurationIsVisible = 0;
		};
/* End XCConfigurationList section */
	};
	rootObject = 7EC66BF51D2C69F600505FC6 /* Project object */;
}
