// !$*UTF8*$!
{
	archiveVersion = 1;
	classes = {
	};
	objectVersion = 46;
	objects = {

/* Begin PBXBuildFile section */
		7E96AEF71D303B3700DE2205 /* AppDelegate.swift in Sources */ = {isa = PBXBuildFile; fileRef = 7E96AEF61D303B3700DE2205 /* AppDelegate.swift */; };
		7E96AEF91D303B3700DE2205 /* ViewController.swift in Sources */ = {isa = PBXBuildFile; fileRef = 7E96AEF81D303B3700DE2205 /* ViewController.swift */; };
		7E96AEFC1D303B3700DE2205 /* Main.storyboard in Resources */ = {isa = PBXBuildFile; fileRef = 7E96AEFA1D303B3700DE2205 /* Main.storyboard */; };
		7E96AEFE1D303B3700DE2205 /* Assets.xcassets in Resources */ = {isa = PBXBuildFile; fileRef = 7E96AEFD1D303B3700DE2205 /* Assets.xcassets */; };
		7E96AF011D303B3700DE2205 /* LaunchScreen.storyboard in Resources */ = {isa = PBXBuildFile; fileRef = 7E96AEFF1D303B3700DE2205 /* LaunchScreen.storyboard */; };
		7E96AF0C1D303B3700DE2205 /* tabbarTests.swift in Sources */ = {isa = PBXBuildFile; fileRef = 7E96AF0B1D303B3700DE2205 /* tabbarTests.swift */; };
		7E96AF171D303B3700DE2205 /* tabbarUITests.swift in Sources */ = {isa = PBXBuildFile; fileRef = 7E96AF161D303B3700DE2205 /* tabbarUITests.swift */; };
/* End PBXBuildFile section */

/* Begin PBXContainerItemProxy section */
		7E96AF081D303B3700DE2205 /* PBXContainerItemProxy */ = {
			isa = PBXContainerItemProxy;
			containerPortal = 7E96AEEB1D303B3700DE2205 /* Project object */;
			proxyType = 1;
			remoteGlobalIDString = 7E96AEF21D303B3700DE2205;
			remoteInfo = tabbar;
		};
		7E96AF131D303B3700DE2205 /* PBXContainerItemProxy */ = {
			isa = PBXContainerItemProxy;
			containerPortal = 7E96AEEB1D303B3700DE2205 /* Project object */;
			proxyType = 1;
			remoteGlobalIDString = 7E96AEF21D303B3700DE2205;
			remoteInfo = tabbar;
		};
/* End PBXContainerItemProxy section */

/* Begin PBXFileReference section */
		7E96AEF31D303B3700DE2205 /* tabbar.app */ = {isa = PBXFileReference; explicitFileType = wrapper.application; includeInIndex = 0; path = tabbar.app; sourceTree = BUILT_PRODUCTS_DIR; };
		7E96AEF61D303B3700DE2205 /* AppDelegate.swift */ = {isa = PBXFileReference; lastKnownFileType = sourcecode.swift; path = AppDelegate.swift; sourceTree = "<group>"; };
		7E96AEF81D303B3700DE2205 /* ViewController.swift */ = {isa = PBXFileReference; lastKnownFileType = sourcecode.swift; path = ViewController.swift; sourceTree = "<group>"; };
		7E96AEFB1D303B3700DE2205 /* Base */ = {isa = PBXFileReference; lastKnownFileType = file.storyboard; name = Base; path = Base.lproj/Main.storyboard; sourceTree = "<group>"; };
		7E96AEFD1D303B3700DE2205 /* Assets.xcassets */ = {isa = PBXFileReference; lastKnownFileType = folder.assetcatalog; path = Assets.xcassets; sourceTree = "<group>"; };
		7E96AF001D303B3700DE2205 /* Base */ = {isa = PBXFileReference; lastKnownFileType = file.storyboard; name = Base; path = Base.lproj/LaunchScreen.storyboard; sourceTree = "<group>"; };
		7E96AF021D303B3700DE2205 /* Info.plist */ = {isa = PBXFileReference; lastKnownFileType = text.plist.xml; path = Info.plist; sourceTree = "<group>"; };
		7E96AF071D303B3700DE2205 /* tabbarTests.xctest */ = {isa = PBXFileReference; explicitFileType = wrapper.cfbundle; includeInIndex = 0; path = tabbarTests.xctest; sourceTree = BUILT_PRODUCTS_DIR; };
		7E96AF0B1D303B3700DE2205 /* tabbarTests.swift */ = {isa = PBXFileReference; lastKnownFileType = sourcecode.swift; path = tabbarTests.swift; sourceTree = "<group>"; };
		7E96AF0D1D303B3700DE2205 /* Info.plist */ = {isa = PBXFileReference; lastKnownFileType = text.plist.xml; path = Info.plist; sourceTree = "<group>"; };
		7E96AF121D303B3700DE2205 /* tabbarUITests.xctest */ = {isa = PBXFileReference; explicitFileType = wrapper.cfbundle; includeInIndex = 0; path = tabbarUITests.xctest; sourceTree = BUILT_PRODUCTS_DIR; };
		7E96AF161D303B3700DE2205 /* tabbarUITests.swift */ = {isa = PBXFileReference; lastKnownFileType = sourcecode.swift; path = tabbarUITests.swift; sourceTree = "<group>"; };
		7E96AF181D303B3700DE2205 /* Info.plist */ = {isa = PBXFileReference; lastKnownFileType = text.plist.xml; path = Info.plist; sourceTree = "<group>"; };
/* End PBXFileReference section */

/* Begin PBXFrameworksBuildPhase section */
		7E96AEF01D303B3700DE2205 /* Frameworks */ = {
			isa = PBXFrameworksBuildPhase;
			buildActionMask = 2147483647;
			files = (
			);
			runOnlyForDeploymentPostprocessing = 0;
		};
		7E96AF041D303B3700DE2205 /* Frameworks */ = {
			isa = PBXFrameworksBuildPhase;
			buildActionMask = 2147483647;
			files = (
			);
			runOnlyForDeploymentPostprocessing = 0;
		};
		7E96AF0F1D303B3700DE2205 /* Frameworks */ = {
			isa = PBXFrameworksBuildPhase;
			buildActionMask = 2147483647;
			files = (
			);
			runOnlyForDeploymentPostprocessing = 0;
		};
/* End PBXFrameworksBuildPhase section */

/* Begin PBXGroup section */
		7E96AEEA1D303B3700DE2205 = {
			isa = PBXGroup;
			children = (
				7E96AEF51D303B3700DE2205 /* tabbar */,
				7E96AF0A1D303B3700DE2205 /* tabbarTests */,
				7E96AF151D303B3700DE2205 /* tabbarUITests */,
				7E96AEF41D303B3700DE2205 /* Products */,
			);
			sourceTree = "<group>";
		};
		7E96AEF41D303B3700DE2205 /* Products */ = {
			isa = PBXGroup;
			children = (
				7E96AEF31D303B3700DE2205 /* tabbar.app */,
				7E96AF071D303B3700DE2205 /* tabbarTests.xctest */,
				7E96AF121D303B3700DE2205 /* tabbarUITests.xctest */,
			);
			name = Products;
			sourceTree = "<group>";
		};
		7E96AEF51D303B3700DE2205 /* tabbar */ = {
			isa = PBXGroup;
			children = (
				7E96AEF61D303B3700DE2205 /* AppDelegate.swift */,
				7E96AEF81D303B3700DE2205 /* ViewController.swift */,
				7E96AEFA1D303B3700DE2205 /* Main.storyboard */,
				7E96AEFD1D303B3700DE2205 /* Assets.xcassets */,
				7E96AEFF1D303B3700DE2205 /* LaunchScreen.storyboard */,
				7E96AF021D303B3700DE2205 /* Info.plist */,
			);
			path = tabbar;
			sourceTree = "<group>";
		};
		7E96AF0A1D303B3700DE2205 /* tabbarTests */ = {
			isa = PBXGroup;
			children = (
				7E96AF0B1D303B3700DE2205 /* tabbarTests.swift */,
				7E96AF0D1D303B3700DE2205 /* Info.plist */,
			);
			path = tabbarTests;
			sourceTree = "<group>";
		};
		7E96AF151D303B3700DE2205 /* tabbarUITests */ = {
			isa = PBXGroup;
			children = (
				7E96AF161D303B3700DE2205 /* tabbarUITests.swift */,
				7E96AF181D303B3700DE2205 /* Info.plist */,
			);
			path = tabbarUITests;
			sourceTree = "<group>";
		};
/* End PBXGroup section */

/* Begin PBXNativeTarget section */
		7E96AEF21D303B3700DE2205 /* tabbar */ = {
			isa = PBXNativeTarget;
			buildConfigurationList = 7E96AF1B1D303B3700DE2205 /* Build configuration list for PBXNativeTarget "tabbar" */;
			buildPhases = (
				7E96AEEF1D303B3700DE2205 /* Sources */,
				7E96AEF01D303B3700DE2205 /* Frameworks */,
				7E96AEF11D303B3700DE2205 /* Resources */,
			);
			buildRules = (
			);
			dependencies = (
			);
			name = tabbar;
			productName = tabbar;
			productReference = 7E96AEF31D303B3700DE2205 /* tabbar.app */;
			productType = "com.apple.product-type.application";
		};
		7E96AF061D303B3700DE2205 /* tabbarTests */ = {
			isa = PBXNativeTarget;
			buildConfigurationList = 7E96AF1E1D303B3700DE2205 /* Build configuration list for PBXNativeTarget "tabbarTests" */;
			buildPhases = (
				7E96AF031D303B3700DE2205 /* Sources */,
				7E96AF041D303B3700DE2205 /* Frameworks */,
				7E96AF051D303B3700DE2205 /* Resources */,
			);
			buildRules = (
			);
			dependencies = (
				7E96AF091D303B3700DE2205 /* PBXTargetDependency */,
			);
			name = tabbarTests;
			productName = tabbarTests;
			productReference = 7E96AF071D303B3700DE2205 /* tabbarTests.xctest */;
			productType = "com.apple.product-type.bundle.unit-test";
		};
		7E96AF111D303B3700DE2205 /* tabbarUITests */ = {
			isa = PBXNativeTarget;
			buildConfigurationList = 7E96AF211D303B3700DE2205 /* Build configuration list for PBXNativeTarget "tabbarUITests" */;
			buildPhases = (
				7E96AF0E1D303B3700DE2205 /* Sources */,
				7E96AF0F1D303B3700DE2205 /* Frameworks */,
				7E96AF101D303B3700DE2205 /* Resources */,
			);
			buildRules = (
			);
			dependencies = (
				7E96AF141D303B3700DE2205 /* PBXTargetDependency */,
			);
			name = tabbarUITests;
			productName = tabbarUITests;
			productReference = 7E96AF121D303B3700DE2205 /* tabbarUITests.xctest */;
			productType = "com.apple.product-type.bundle.ui-testing";
		};
/* End PBXNativeTarget section */

/* Begin PBXProject section */
		7E96AEEB1D303B3700DE2205 /* Project object */ = {
			isa = PBXProject;
			attributes = {
				LastSwiftUpdateCheck = 0730;
				LastUpgradeCheck = 0730;
				ORGANIZATIONNAME = "Jeffrey Meng";
				TargetAttributes = {
					7E96AEF21D303B3700DE2205 = {
						CreatedOnToolsVersion = 7.3.1;
						DevelopmentTeam = LV442TQH7Y;
					};
					7E96AF061D303B3700DE2205 = {
						CreatedOnToolsVersion = 7.3.1;
						TestTargetID = 7E96AEF21D303B3700DE2205;
					};
					7E96AF111D303B3700DE2205 = {
						CreatedOnToolsVersion = 7.3.1;
						TestTargetID = 7E96AEF21D303B3700DE2205;
					};
				};
			};
			buildConfigurationList = 7E96AEEE1D303B3700DE2205 /* Build configuration list for PBXProject "tabbar" */;
			compatibilityVersion = "Xcode 3.2";
			developmentRegion = English;
			hasScannedForEncodings = 0;
			knownRegions = (
				en,
				Base,
			);
			mainGroup = 7E96AEEA1D303B3700DE2205;
			productRefGroup = 7E96AEF41D303B3700DE2205 /* Products */;
			projectDirPath = "";
			projectRoot = "";
			targets = (
				7E96AEF21D303B3700DE2205 /* tabbar */,
				7E96AF061D303B3700DE2205 /* tabbarTests */,
				7E96AF111D303B3700DE2205 /* tabbarUITests */,
			);
		};
/* End PBXProject section */

/* Begin PBXResourcesBuildPhase section */
		7E96AEF11D303B3700DE2205 /* Resources */ = {
			isa = PBXResourcesBuildPhase;
			buildActionMask = 2147483647;
			files = (
				7E96AF011D303B3700DE2205 /* LaunchScreen.storyboard in Resources */,
				7E96AEFE1D303B3700DE2205 /* Assets.xcassets in Resources */,
				7E96AEFC1D303B3700DE2205 /* Main.storyboard in Resources */,
			);
			runOnlyForDeploymentPostprocessing = 0;
		};
		7E96AF051D303B3700DE2205 /* Resources */ = {
			isa = PBXResourcesBuildPhase;
			buildActionMask = 2147483647;
			files = (
			);
			runOnlyForDeploymentPostprocessing = 0;
		};
		7E96AF101D303B3700DE2205 /* Resources */ = {
			isa = PBXResourcesBuildPhase;
			buildActionMask = 2147483647;
			files = (
			);
			runOnlyForDeploymentPostprocessing = 0;
		};
/* End PBXResourcesBuildPhase section */

/* Begin PBXSourcesBuildPhase section */
		7E96AEEF1D303B3700DE2205 /* Sources */ = {
			isa = PBXSourcesBuildPhase;
			buildActionMask = 2147483647;
			files = (
				7E96AEF91D303B3700DE2205 /* ViewController.swift in Sources */,
				7E96AEF71D303B3700DE2205 /* AppDelegate.swift in Sources */,
			);
			runOnlyForDeploymentPostprocessing = 0;
		};
		7E96AF031D303B3700DE2205 /* Sources */ = {
			isa = PBXSourcesBuildPhase;
			buildActionMask = 2147483647;
			files = (
				7E96AF0C1D303B3700DE2205 /* tabbarTests.swift in Sources */,
			);
			runOnlyForDeploymentPostprocessing = 0;
		};
		7E96AF0E1D303B3700DE2205 /* Sources */ = {
			isa = PBXSourcesBuildPhase;
			buildActionMask = 2147483647;
			files = (
				7E96AF171D303B3700DE2205 /* tabbarUITests.swift in Sources */,
			);
			runOnlyForDeploymentPostprocessing = 0;
		};
/* End PBXSourcesBuildPhase section */

/* Begin PBXTargetDependency section */
		7E96AF091D303B3700DE2205 /* PBXTargetDependency */ = {
			isa = PBXTargetDependency;
			target = 7E96AEF21D303B3700DE2205 /* tabbar */;
			targetProxy = 7E96AF081D303B3700DE2205 /* PBXContainerItemProxy */;
		};
		7E96AF141D303B3700DE2205 /* PBXTargetDependency */ = {
			isa = PBXTargetDependency;
			target = 7E96AEF21D303B3700DE2205 /* tabbar */;
			targetProxy = 7E96AF131D303B3700DE2205 /* PBXContainerItemProxy */;
		};
/* End PBXTargetDependency section */

/* Begin PBXVariantGroup section */
		7E96AEFA1D303B3700DE2205 /* Main.storyboard */ = {
			isa = PBXVariantGroup;
			children = (
				7E96AEFB1D303B3700DE2205 /* Base */,
			);
			name = Main.storyboard;
			sourceTree = "<group>";
		};
		7E96AEFF1D303B3700DE2205 /* LaunchScreen.storyboard */ = {
			isa = PBXVariantGroup;
			children = (
				7E96AF001D303B3700DE2205 /* Base */,
			);
			name = LaunchScreen.storyboard;
			sourceTree = "<group>";
		};
/* End PBXVariantGroup section */

/* Begin XCBuildConfiguration section */
		7E96AF191D303B3700DE2205 /* Debug */ = {
			isa = XCBuildConfiguration;
			buildSettings = {
				ALWAYS_SEARCH_USER_PATHS = NO;
				CLANG_ANALYZER_NONNULL = YES;
				CLANG_CXX_LANGUAGE_STANDARD = "gnu++0x";
				CLANG_CXX_LIBRARY = "libc++";
				CLANG_ENABLE_MODULES = YES;
				CLANG_ENABLE_OBJC_ARC = YES;
				CLANG_WARN_BOOL_CONVERSION = YES;
				CLANG_WARN_CONSTANT_CONVERSION = YES;
				CLANG_WARN_DIRECT_OBJC_ISA_USAGE = YES_ERROR;
				CLANG_WARN_EMPTY_BODY = YES;
				CLANG_WARN_ENUM_CONVERSION = YES;
				CLANG_WARN_INT_CONVERSION = YES;
				CLANG_WARN_OBJC_ROOT_CLASS = YES_ERROR;
				CLANG_WARN_UNREACHABLE_CODE = YES;
				CLANG_WARN__DUPLICATE_METHOD_MATCH = YES;
				"CODE_SIGN_IDENTITY[sdk=iphoneos*]" = "iPhone Developer";
				COPY_PHASE_STRIP = NO;
				DEBUG_INFORMATION_FORMAT = dwarf;
				ENABLE_STRICT_OBJC_MSGSEND = YES;
				ENABLE_TESTABILITY = YES;
				GCC_C_LANGUAGE_STANDARD = gnu99;
				GCC_DYNAMIC_NO_PIC = NO;
				GCC_NO_COMMON_BLOCKS = YES;
				GCC_OPTIMIZATION_LEVEL = 0;
				GCC_PREPROCESSOR_DEFINITIONS = (
					"DEBUG=1",
					"$(inherited)",
				);
				GCC_WARN_64_TO_32_BIT_CONVERSION = YES;
				GCC_WARN_ABOUT_RETURN_TYPE = YES_ERROR;
				GCC_WARN_UNDECLARED_SELECTOR = YES;
				GCC_WARN_UNINITIALIZED_AUTOS = YES_AGGRESSIVE;
				GCC_WARN_UNUSED_FUNCTION = YES;
				GCC_WARN_UNUSED_VARIABLE = YES;
				IPHONEOS_DEPLOYMENT_TARGET = 9.3;
				MTL_ENABLE_DEBUG_INFO = YES;
				ONLY_ACTIVE_ARCH = YES;
				SDKROOT = iphoneos;
				SWIFT_OPTIMIZATION_LEVEL = "-Onone";
			};
			name = Debug;
		};
		7E96AF1A1D303B3700DE2205 /* Release */ = {
			isa = XCBuildConfiguration;
			buildSettings = {
				ALWAYS_SEARCH_USER_PATHS = NO;
				CLANG_ANALYZER_NONNULL = YES;
				CLANG_CXX_LANGUAGE_STANDARD = "gnu++0x";
				CLANG_CXX_LIBRARY = "libc++";
				CLANG_ENABLE_MODULES = YES;
				CLANG_ENABLE_OBJC_ARC = YES;
				CLANG_WARN_BOOL_CONVERSION = YES;
				CLANG_WARN_CONSTANT_CONVERSION = YES;
				CLANG_WARN_DIRECT_OBJC_ISA_USAGE = YES_ERROR;
				CLANG_WARN_EMPTY_BODY = YES;
				CLANG_WARN_ENUM_CONVERSION = YES;
				CLANG_WARN_INT_CONVERSION = YES;
				CLANG_WARN_OBJC_ROOT_CLASS = YES_ERROR;
				CLANG_WARN_UNREACHABLE_CODE = YES;
				CLANG_WARN__DUPLICATE_METHOD_MATCH = YES;
				"CODE_SIGN_IDENTITY[sdk=iphoneos*]" = "iPhone Developer";
				COPY_PHASE_STRIP = NO;
				DEBUG_INFORMATION_FORMAT = "dwarf-with-dsym";
				ENABLE_NS_ASSERTIONS = NO;
				ENABLE_STRICT_OBJC_MSGSEND = YES;
				GCC_C_LANGUAGE_STANDARD = gnu99;
				GCC_NO_COMMON_BLOCKS = YES;
				GCC_WARN_64_TO_32_BIT_CONVERSION = YES;
				GCC_WARN_ABOUT_RETURN_TYPE = YES_ERROR;
				GCC_WARN_UNDECLARED_SELECTOR = YES;
				GCC_WARN_UNINITIALIZED_AUTOS = YES_AGGRESSIVE;
				GCC_WARN_UNUSED_FUNCTION = YES;
				GCC_WARN_UNUSED_VARIABLE = YES;
				IPHONEOS_DEPLOYMENT_TARGET = 9.3;
				MTL_ENABLE_DEBUG_INFO = NO;
				SDKROOT = iphoneos;
				VALIDATE_PRODUCT = YES;
			};
			name = Release;
		};
		7E96AF1C1D303B3700DE2205 /* Debug */ = {
			isa = XCBuildConfiguration;
			buildSettings = {
				ASSETCATALOG_COMPILER_APPICON_NAME = AppIcon;
				CODE_SIGN_IDENTITY = "iPhone Developer";
				"CODE_SIGN_IDENTITY[sdk=iphoneos*]" = "iPhone Developer";
				INFOPLIST_FILE = tabbar/Info.plist;
				LD_RUNPATH_SEARCH_PATHS = "$(inherited) @executable_path/Frameworks";
				PRODUCT_BUNDLE_IDENTIFIER = com.jeffkmeng.ios.tabbar;
				PRODUCT_NAME = "$(TARGET_NAME)";
				PROVISIONING_PROFILE = "";
			};
			name = Debug;
		};
		7E96AF1D1D303B3700DE2205 /* Release */ = {
			isa = XCBuildConfiguration;
			buildSettings = {
				ASSETCATALOG_COMPILER_APPICON_NAME = AppIcon;
				CODE_SIGN_IDENTITY = "iPhone Developer";
				"CODE_SIGN_IDENTITY[sdk=iphoneos*]" = "iPhone Developer";
				INFOPLIST_FILE = tabbar/Info.plist;
				LD_RUNPATH_SEARCH_PATHS = "$(inherited) @executable_path/Frameworks";
				PRODUCT_BUNDLE_IDENTIFIER = com.jeffkmeng.ios.tabbar;
				PRODUCT_NAME = "$(TARGET_NAME)";
				PROVISIONING_PROFILE = "";
			};
			name = Release;
		};
		7E96AF1F1D303B3700DE2205 /* Debug */ = {
			isa = XCBuildConfiguration;
			buildSettings = {
				BUNDLE_LOADER = "$(TEST_HOST)";
				INFOPLIST_FILE = tabbarTests/Info.plist;
				LD_RUNPATH_SEARCH_PATHS = "$(inherited) @executable_path/Frameworks @loader_path/Frameworks";
				PRODUCT_BUNDLE_IDENTIFIER = com.jeffkmeng.ios.tabbarTests;
				PRODUCT_NAME = "$(TARGET_NAME)";
				TEST_HOST = "$(BUILT_PRODUCTS_DIR)/tabbar.app/tabbar";
			};
			name = Debug;
		};
		7E96AF201D303B3700DE2205 /* Release */ = {
			isa = XCBuildConfiguration;
			buildSettings = {
				BUNDLE_LOADER = "$(TEST_HOST)";
				INFOPLIST_FILE = tabbarTests/Info.plist;
				LD_RUNPATH_SEARCH_PATHS = "$(inherited) @executable_path/Frameworks @loader_path/Frameworks";
				PRODUCT_BUNDLE_IDENTIFIER = com.jeffkmeng.ios.tabbarTests;
				PRODUCT_NAME = "$(TARGET_NAME)";
				TEST_HOST = "$(BUILT_PRODUCTS_DIR)/tabbar.app/tabbar";
			};
			name = Release;
		};
		7E96AF221D303B3700DE2205 /* Debug */ = {
			isa = XCBuildConfiguration;
			buildSettings = {
				INFOPLIST_FILE = tabbarUITests/Info.plist;
				LD_RUNPATH_SEARCH_PATHS = "$(inherited) @executable_path/Frameworks @loader_path/Frameworks";
				PRODUCT_BUNDLE_IDENTIFIER = com.jeffkmeng.ios.tabbarUITests;
				PRODUCT_NAME = "$(TARGET_NAME)";
				TEST_TARGET_NAME = tabbar;
			};
			name = Debug;
		};
		7E96AF231D303B3700DE2205 /* Release */ = {
			isa = XCBuildConfiguration;
			buildSettings = {
				INFOPLIST_FILE = tabbarUITests/Info.plist;
				LD_RUNPATH_SEARCH_PATHS = "$(inherited) @executable_path/Frameworks @loader_path/Frameworks";
				PRODUCT_BUNDLE_IDENTIFIER = com.jeffkmeng.ios.tabbarUITests;
				PRODUCT_NAME = "$(TARGET_NAME)";
				TEST_TARGET_NAME = tabbar;
			};
			name = Release;
		};
/* End XCBuildConfiguration section */

/* Begin XCConfigurationList section */
		7E96AEEE1D303B3700DE2205 /* Build configuration list for PBXProject "tabbar" */ = {
			isa = XCConfigurationList;
			buildConfigurations = (
				7E96AF191D303B3700DE2205 /* Debug */,
				7E96AF1A1D303B3700DE2205 /* Release */,
			);
			defaultConfigurationIsVisible = 0;
			defaultConfigurationName = Release;
		};
		7E96AF1B1D303B3700DE2205 /* Build configuration list for PBXNativeTarget "tabbar" */ = {
			isa = XCConfigurationList;
			buildConfigurations = (
				7E96AF1C1D303B3700DE2205 /* Debug */,
				7E96AF1D1D303B3700DE2205 /* Release */,
			);
			defaultConfigurationIsVisible = 0;
		};
		7E96AF1E1D303B3700DE2205 /* Build configuration list for PBXNativeTarget "tabbarTests" */ = {
			isa = XCConfigurationList;
			buildConfigurations = (
				7E96AF1F1D303B3700DE2205 /* Debug */,
				7E96AF201D303B3700DE2205 /* Release */,
			);
			defaultConfigurationIsVisible = 0;
		};
		7E96AF211D303B3700DE2205 /* Build configuration list for PBXNativeTarget "tabbarUITests" */ = {
			isa = XCConfigurationList;
			buildConfigurations = (
				7E96AF221D303B3700DE2205 /* Debug */,
				7E96AF231D303B3700DE2205 /* Release */,
			);
			defaultConfigurationIsVisible = 0;
		};
/* End XCConfigurationList section */
	};
	rootObject = 7E96AEEB1D303B3700DE2205 /* Project object */;
}
